
Microsoft Visual Studio Solution File, Format Version 12.00
# Visual Studio Version 17
VisualStudioVersion = 17.5.002.0
MinimumVisualStudioVersion = 10.0.40219.1
Project("{9A19103F-16F7-4668-BE54-9A1E7A4F7556}") = "MyWeatherAPI", "MyWeatherAPI.csproj", "{0F925745-BE59-4F9C-A02E-79472E097D4F}"
EndProject
Global
	GlobalSection(SolutionConfigurationPlatforms) = preSolution
		Debug|Any CPU = Debug|Any CPU
		Release|Any CPU = Release|Any CPU
	EndGlobalSection
	GlobalSection(ProjectConfigurationPlatforms) = postSolution
		{0F925745-BE59-4F9C-A02E-79472E097D4F}.Debug|Any CPU.ActiveCfg = Debug|Any CPU
		{0F925745-BE59-4F9C-A02E-79472E097D4F}.Debug|Any CPU.Build.0 = Debug|Any CPU
		{0F925745-BE59-4F9C-A02E-79472E097D4F}.Release|Any CPU.ActiveCfg = Release|Any CPU
		{0F925745-BE59-4F9C-A02E-79472E097D4F}.Release|Any CPU.Build.0 = Release|Any CPU
	EndGlobalSection
	GlobalSection(SolutionProperties) = preSolution
		HideSolutionNode = FALSE
	EndGlobalSection
	GlobalSection(ExtensibilityGlobals) = postSolution
		SolutionGuid = {C433ECC5-644C-4D13-B8EE-6312EB9C6A6D}
	EndGlobalSection
EndGlobal
